# THIS IS AN AUTOGENERATED FILE. DO NOT EDIT THIS FILE DIRECTLY.
# yarn lockfile v1


csv-parse@4.4.5:
  version "4.4.5"
  resolved "https://registry.yarnpkg.com/csv-parse/-/csv-parse-4.4.5.tgz#383255357a766c220be049e4f1f2c3016eb9ac66"
  integrity sha512-koPV9m9AjNJCK3ig4ErgRJalZsLxWI7NP0Fd3+CO9hgDZt3FSljTeESnfWTbyRc8qk/3/LgX1s5naDqLxiuK9w==

figlet@^1.2.4:
  version "1.2.4"
  resolved "https://registry.yarnpkg.com/figlet/-/figlet-1.2.4.tgz#2d2f48b61a77418ba6cbd9db2e25da27efee16d0"
  integrity sha512-mv8YA9RruB4C5QawPaD29rEVx3N97ZTyNrE4DAfbhuo6tpcMdKnPVo8MlyT3RP5uPcg5M14bEJBq7kjFf4kAWg==

lodash@4.17.15:
  version "4.17.15"
  resolved "https://registry.yarnpkg.com/lodash/-/lodash-4.17.15.tgz#b447f6670a0455bbfeedd11392eff330ea097548"
  integrity sha512-8xOcRHvCjnocdS5cpwXQXVzmmh5e5+saE2QGoeQmbKmRS6J3VQppPOIt0MnmE+4xlZoumy0GPG0D0MVIQbNA1A==

net@1.0.2:
  version "1.0.2"
  resolved "https://registry.yarnpkg.com/net/-/net-1.0.2.tgz#d1757ec9a7fb2371d83cf4755ce3e27e10829388"
  integrity sha1-0XV+yaf7I3HYPPR1XOPifhCCk4g=

node-watch@^0.6.3:
  version "0.6.3"
  resolved "https://registry.yarnpkg.com/node-watch/-/node-watch-0.6.3.tgz#9abf739ae0638435be6c0d1c99d4dc2e53df7317"
  integrity sha512-InVPsg51EemnMVH3fvrrSVgqVBMlksZ/mK7ZDWx/NuWdNQi28wcVJX1/BP38alraPFXbRi9jZ35OfK4Ra7l8Bg==
